
Microsoft Visual Studio Solution File, Format Version 12.00
# Visual Studio 14
VisualStudioVersion = 14.0.25420.1
MinimumVisualStudioVersion = 10.0.40219.1
Project("{FAE04EC0-301F-11D3-BF4B-00C04F79EFBC}") = "AdminPage", "AdminPage\AdminPage.csproj", "{166F3FBA-D422-429E-8638-90D92622AD73}"
EndProject
Global
	GlobalSection(SolutionConfigurationPlatforms) = preSolution
		Debug|Any CPU = Debug|Any CPU
		Release|Any CPU = Release|Any CPU
	EndGlobalSection
	GlobalSection(ProjectConfigurationPlatforms) = postSolution
		{166F3FBA-D422-429E-8638-90D92622AD73}.Debug|Any CPU.ActiveCfg = Debug|Any CPU
		{166F3FBA-D422-429E-8638-90D92622AD73}.Debug|Any CPU.Build.0 = Debug|Any CPU
		{166F3FBA-D422-429E-8638-90D92622AD73}.Release|Any CPU.ActiveCfg = Release|Any CPU
		{166F3FBA-D422-429E-8638-90D92622AD73}.Release|Any CPU.Build.0 = Release|Any CPU
	EndGlobalSection
	GlobalSection(SolutionProperties) = preSolution
		HideSolutionNode = FALSE
	EndGlobalSection
EndGlobal
